
Microsoft Visual Studio Solution File, Format Version 12.00
# Visual Studio 14
VisualStudioVersion = 14.0.22512.0
MinimumVisualStudioVersion = 10.0.40219.1
Project("{FAE04EC0-301F-11D3-BF4B-00C04F79EFBC}") = "MultiTenancyMigrationTool", "MultiTenancyMigrationTool\MultiTenancyMigrationTool.csproj", "{81AAECCD-57B2-48B5-9D47-6D44AE14587E}"
EndProject
Project("{FAE04EC0-301F-11D3-BF4B-00C04F79EFBC}") = "ArtistMigrationsTools.Core", "ArtistMigrationsTools.Core\ArtistMigrationsTools.Core.csproj", "{98A34235-BA8F-44C8-9021-DE3953B69267}"
EndProject
Global
	GlobalSection(SolutionConfigurationPlatforms) = preSolution
		Debug|Any CPU = Debug|Any CPU
		Debug|x86 = Debug|x86
		Release|Any CPU = Release|Any CPU
		Release|x86 = Release|x86
	EndGlobalSection
	GlobalSection(ProjectConfigurationPlatforms) = postSolution
		{81AAECCD-57B2-48B5-9D47-6D44AE14587E}.Debug|Any CPU.ActiveCfg = Debug|x86
		{81AAECCD-57B2-48B5-9D47-6D44AE14587E}.Debug|x86.ActiveCfg = Debug|x86
		{81AAECCD-57B2-48B5-9D47-6D44AE14587E}.Debug|x86.Build.0 = Debug|x86
		{81AAECCD-57B2-48B5-9D47-6D44AE14587E}.Release|Any CPU.ActiveCfg = Release|x86
		{81AAECCD-57B2-48B5-9D47-6D44AE14587E}.Release|x86.ActiveCfg = Release|x86
		{81AAECCD-57B2-48B5-9D47-6D44AE14587E}.Release|x86.Build.0 = Release|x86
		{98A34235-BA8F-44C8-9021-DE3953B69267}.Debug|Any CPU.ActiveCfg = Debug|Any CPU
		{98A34235-BA8F-44C8-9021-DE3953B69267}.Debug|Any CPU.Build.0 = Debug|Any CPU
		{98A34235-BA8F-44C8-9021-DE3953B69267}.Debug|x86.ActiveCfg = Debug|Any CPU
		{98A34235-BA8F-44C8-9021-DE3953B69267}.Debug|x86.Build.0 = Debug|Any CPU
		{98A34235-BA8F-44C8-9021-DE3953B69267}.Release|Any CPU.ActiveCfg = Release|Any CPU
		{98A34235-BA8F-44C8-9021-DE3953B69267}.Release|Any CPU.Build.0 = Release|Any CPU
		{98A34235-BA8F-44C8-9021-DE3953B69267}.Release|x86.ActiveCfg = Release|Any CPU
		{98A34235-BA8F-44C8-9021-DE3953B69267}.Release|x86.Build.0 = Release|Any CPU
	EndGlobalSection
	GlobalSection(SolutionProperties) = preSolution
		HideSolutionNode = FALSE
	EndGlobalSection
EndGlobal
